
Microsoft Visual Studio Solution File, Format Version 12.00
# Visual Studio Version 16
VisualStudioVersion = 16.0.28729.10
MinimumVisualStudioVersion = 10.0.40219.1
Project("{8BC9CEB8-8B4A-11D0-8D11-00A0C91BC942}") = "WinpcapTest", "WinpcapTest\WinpcapTest.vcxproj", "{A2754F81-6FB5-44C4-9305-4CC46614117F}"
EndProject
Global
	GlobalSection(SolutionConfigurationPlatforms) = preSolution
		Debug|x64 = Debug|x64
		Debug|x86 = Debug|x86
		Release|x64 = Release|x64
		Release|x86 = Release|x86
	EndGlobalSection
	GlobalSection(ProjectConfigurationPlatforms) = postSolution
		{A2754F81-6FB5-44C4-9305-4CC46614117F}.Debug|x64.ActiveCfg = Debug|x64
		{A2754F81-6FB5-44C4-9305-4CC46614117F}.Debug|x64.Build.0 = Debug|x64
		{A2754F81-6FB5-44C4-9305-4CC46614117F}.Debug|x86.ActiveCfg = Debug|Win32
		{A2754F81-6FB5-44C4-9305-4CC46614117F}.Debug|x86.Build.0 = Debug|Win32
		{A2754F81-6FB5-44C4-9305-4CC46614117F}.Release|x64.ActiveCfg = Release|x64
		{A2754F81-6FB5-44C4-9305-4CC46614117F}.Release|x64.Build.0 = Release|x64
		{A2754F81-6FB5-44C4-9305-4CC46614117F}.Release|x86.ActiveCfg = Release|Win32
		{A2754F81-6FB5-44C4-9305-4CC46614117F}.Release|x86.Build.0 = Release|Win32
	EndGlobalSection
	GlobalSection(SolutionProperties) = preSolution
		HideSolutionNode = FALSE
	EndGlobalSection
	GlobalSection(ExtensibilityGlobals) = postSolution
		SolutionGuid = {2285DF2B-F18A-444F-BCA9-90F260090F51}
	EndGlobalSection
EndGlobal
